
Microsoft Visual Studio Solution File, Format Version 12.00
# Visual Studio 15
VisualStudioVersion = 15.0.27428.2005
MinimumVisualStudioVersion = 10.0.40219.1
Project("{FAE04EC0-301F-11D3-BF4B-00C04F79EFBC}") = "TacFuelBalancer", "Source\TacFuelBalancer.csproj", "{B555E3BB-A066-4AE1-8AC4-09F1B7D68FC1}"
EndProject
Project("{2150E333-8FDC-42A3-9474-1A3956D46DE8}") = "Solution Items", "Solution Items", "{C5A905AC-6250-4755-8032-860B9A649455}"
	ProjectSection(SolutionItems) = preProject
		buildRelease.bat = buildRelease.bat
		ChangeLog.txt = ChangeLog.txt
		deploy.bat = deploy.bat
		jenkins.txt = jenkins.txt
		Readme.md = Readme.md
		TacFuelBalancer.version = TacFuelBalancer.version
	EndProjectSection
EndProject
Global
	GlobalSection(SolutionConfigurationPlatforms) = preSolution
		Debug|Any CPU = Debug|Any CPU
		Release|Any CPU = Release|Any CPU
	EndGlobalSection
	GlobalSection(ProjectConfigurationPlatforms) = postSolution
		{B555E3BB-A066-4AE1-8AC4-09F1B7D68FC1}.Debug|Any CPU.ActiveCfg = Debug|Any CPU
		{B555E3BB-A066-4AE1-8AC4-09F1B7D68FC1}.Debug|Any CPU.Build.0 = Debug|Any CPU
		{B555E3BB-A066-4AE1-8AC4-09F1B7D68FC1}.Release|Any CPU.ActiveCfg = Release|Any CPU
		{B555E3BB-A066-4AE1-8AC4-09F1B7D68FC1}.Release|Any CPU.Build.0 = Release|Any CPU
	EndGlobalSection
	GlobalSection(SolutionProperties) = preSolution
		HideSolutionNode = FALSE
	EndGlobalSection
	GlobalSection(ExtensibilityGlobals) = postSolution
		SolutionGuid = {CB9A77B3-5905-459A-87E0-5F27F7282968}
	EndGlobalSection
EndGlobal
